
Microsoft Visual Studio Solution File, Format Version 12.00
# Visual Studio Version 17
VisualStudioVersion = 17.0.31903.59
MinimumVisualStudioVersion = 10.0.40219.1
Project("{2150E333-8FDC-42A3-9474-1A3956D46DE8}") = "src", "src", "{827E0CD3-B72D-47B6-A68D-7590B98EB39B}"
EndProject
Project("{FAE04EC0-301F-11D3-BF4B-00C04F79EFBC}") = "BLAInterview.WebApi", "src\BLAInterview.WebApi\BLAInterview.WebApi.csproj", "{79C989EF-A7C1-48DA-B4C1-BA13FC141BE8}"
EndProject
Project("{FAE04EC0-301F-11D3-BF4B-00C04F79EFBC}") = "BLAInterview.Idp", "src\BLAInterview.Idp\BLAInterview.Idp.csproj", "{476193FE-A558-4B5A-9835-A822EAE96107}"
EndProject
Project("{2150E333-8FDC-42A3-9474-1A3956D46DE8}") = "tests", "tests", "{0AB3BF05-4346-4AA6-1389-037BE0695223}"
EndProject
Project("{FAE04EC0-301F-11D3-BF4B-00C04F79EFBC}") = "BLAInterview.WebApi.UnitTests", "tests\BLAInterview.WebApi.UnitTests\BLAInterview.WebApi.UnitTests.csproj", "{AA72B53B-FAC6-457F-BA93-A6D93E445049}"
EndProject
Project("{FAE04EC0-301F-11D3-BF4B-00C04F79EFBC}") = "BLAInterview.Idp.UnitTests", "tests\BLAInterview.Idp.UnitTests\BLAInterview.Idp.UnitTests.csproj", "{DF4F1748-05D2-4A51-B21F-9217EC0EE0D4}"
EndProject
Project("{FAE04EC0-301F-11D3-BF4B-00C04F79EFBC}") = "BLAInterview.IntegrationTests", "tests\BLAInterview.IntegrationTests\BLAInterview.IntegrationTests.csproj", "{8C9263FB-81F1-4101-8652-999A197D19E7}"
EndProject
Project("{FAE04EC0-301F-11D3-BF4B-00C04F79EFBC}") = "BLAInterview.E2ETests", "tests\BLAInterview.E2ETests\BLAInterview.E2ETests.csproj", "{B7F2F780-88D5-4F23-AC3D-1908658114C5}"
EndProject
Project("{FAE04EC0-301F-11D3-BF4B-00C04F79EFBC}") = "BLAInterview.IdpClient", "src\BLAInterview.IdpClient\BLAInterview.IdpClient.csproj", "{84DDEFED-9F89-4840-8643-8AF71F5F4393}"
EndProject
Project("{FAE04EC0-301F-11D3-BF4B-00C04F79EFBC}") = "BLAInterview.Application", "src\BLAInterview.Application\BLAInterview.Application.csproj", "{9A420699-10D6-4E45-86A1-187164C16E63}"
EndProject
Project("{FAE04EC0-301F-11D3-BF4B-00C04F79EFBC}") = "BLAInterview.Domain", "src\BLAInterview.Domain\BLAInterview.Domain.csproj", "{4EF4D297-24F7-44F9-B7CC-11B027602AB6}"
EndProject
Project("{FAE04EC0-301F-11D3-BF4B-00C04F79EFBC}") = "BLAInterview.Infrastructure", "src\BLAInterview.Infrastructure\BLAInterview.Infrastructure.csproj", "{2E78807B-2C89-4213-9B6C-F783ECAE8534}"
EndProject
Project("{FAE04EC0-301F-11D3-BF4B-00C04F79EFBC}") = "BLAInterview.Infrastructure.UnitTests", "tests\BLAInterview.Infrastructure.UnitTests\BLAInterview.Infrastructure.UnitTests.csproj", "{8FC0EF3A-6818-4207-B8BC-6F5E9224F2B7}"
EndProject
Global
	GlobalSection(SolutionConfigurationPlatforms) = preSolution
		Debug|Any CPU = Debug|Any CPU
		Debug|x64 = Debug|x64
		Debug|x86 = Debug|x86
		Release|Any CPU = Release|Any CPU
		Release|x64 = Release|x64
		Release|x86 = Release|x86
	EndGlobalSection
	GlobalSection(ProjectConfigurationPlatforms) = postSolution
		{79C989EF-A7C1-48DA-B4C1-BA13FC141BE8}.Debug|Any CPU.ActiveCfg = Debug|Any CPU
		{79C989EF-A7C1-48DA-B4C1-BA13FC141BE8}.Debug|Any CPU.Build.0 = Debug|Any CPU
		{79C989EF-A7C1-48DA-B4C1-BA13FC141BE8}.Debug|x64.ActiveCfg = Debug|Any CPU
		{79C989EF-A7C1-48DA-B4C1-BA13FC141BE8}.Debug|x64.Build.0 = Debug|Any CPU
		{79C989EF-A7C1-48DA-B4C1-BA13FC141BE8}.Debug|x86.ActiveCfg = Debug|Any CPU
		{79C989EF-A7C1-48DA-B4C1-BA13FC141BE8}.Debug|x86.Build.0 = Debug|Any CPU
		{79C989EF-A7C1-48DA-B4C1-BA13FC141BE8}.Release|Any CPU.ActiveCfg = Release|Any CPU
		{79C989EF-A7C1-48DA-B4C1-BA13FC141BE8}.Release|Any CPU.Build.0 = Release|Any CPU
		{79C989EF-A7C1-48DA-B4C1-BA13FC141BE8}.Release|x64.ActiveCfg = Release|Any CPU
		{79C989EF-A7C1-48DA-B4C1-BA13FC141BE8}.Release|x64.Build.0 = Release|Any CPU
		{79C989EF-A7C1-48DA-B4C1-BA13FC141BE8}.Release|x86.ActiveCfg = Release|Any CPU
		{79C989EF-A7C1-48DA-B4C1-BA13FC141BE8}.Release|x86.Build.0 = Release|Any CPU
		{476193FE-A558-4B5A-9835-A822EAE96107}.Debug|Any CPU.ActiveCfg = Debug|Any CPU
		{476193FE-A558-4B5A-9835-A822EAE96107}.Debug|Any CPU.Build.0 = Debug|Any CPU
		{476193FE-A558-4B5A-9835-A822EAE96107}.Debug|x64.ActiveCfg = Debug|Any CPU
		{476193FE-A558-4B5A-9835-A822EAE96107}.Debug|x64.Build.0 = Debug|Any CPU
		{476193FE-A558-4B5A-9835-A822EAE96107}.Debug|x86.ActiveCfg = Debug|Any CPU
		{476193FE-A558-4B5A-9835-A822EAE96107}.Debug|x86.Build.0 = Debug|Any CPU
		{476193FE-A558-4B5A-9835-A822EAE96107}.Release|Any CPU.ActiveCfg = Release|Any CPU
		{476193FE-A558-4B5A-9835-A822EAE96107}.Release|Any CPU.Build.0 = Release|Any CPU
		{476193FE-A558-4B5A-9835-A822EAE96107}.Release|x64.ActiveCfg = Release|Any CPU
		{476193FE-A558-4B5A-9835-A822EAE96107}.Release|x64.Build.0 = Release|Any CPU
		{476193FE-A558-4B5A-9835-A822EAE96107}.Release|x86.ActiveCfg = Release|Any CPU
		{476193FE-A558-4B5A-9835-A822EAE96107}.Release|x86.Build.0 = Release|Any CPU
		{AA72B53B-FAC6-457F-BA93-A6D93E445049}.Debug|Any CPU.ActiveCfg = Debug|Any CPU
		{AA72B53B-FAC6-457F-BA93-A6D93E445049}.Debug|Any CPU.Build.0 = Debug|Any CPU
		{AA72B53B-FAC6-457F-BA93-A6D93E445049}.Debug|x64.ActiveCfg = Debug|Any CPU
		{AA72B53B-FAC6-457F-BA93-A6D93E445049}.Debug|x64.Build.0 = Debug|Any CPU
		{AA72B53B-FAC6-457F-BA93-A6D93E445049}.Debug|x86.ActiveCfg = Debug|Any CPU
		{AA72B53B-FAC6-457F-BA93-A6D93E445049}.Debug|x86.Build.0 = Debug|Any CPU
		{AA72B53B-FAC6-457F-BA93-A6D93E445049}.Release|Any CPU.ActiveCfg = Release|Any CPU
		{AA72B53B-FAC6-457F-BA93-A6D93E445049}.Release|Any CPU.Build.0 = Release|Any CPU
		{AA72B53B-FAC6-457F-BA93-A6D93E445049}.Release|x64.ActiveCfg = Release|Any CPU
		{AA72B53B-FAC6-457F-BA93-A6D93E445049}.Release|x64.Build.0 = Release|Any CPU
		{AA72B53B-FAC6-457F-BA93-A6D93E445049}.Release|x86.ActiveCfg = Release|Any CPU
		{AA72B53B-FAC6-457F-BA93-A6D93E445049}.Release|x86.Build.0 = Release|Any CPU
		{DF4F1748-05D2-4A51-B21F-9217EC0EE0D4}.Debug|Any CPU.ActiveCfg = Debug|Any CPU
		{DF4F1748-05D2-4A51-B21F-9217EC0EE0D4}.Debug|Any CPU.Build.0 = Debug|Any CPU
		{DF4F1748-05D2-4A51-B21F-9217EC0EE0D4}.Debug|x64.ActiveCfg = Debug|Any CPU
		{DF4F1748-05D2-4A51-B21F-9217EC0EE0D4}.Debug|x64.Build.0 = Debug|Any CPU
		{DF4F1748-05D2-4A51-B21F-9217EC0EE0D4}.Debug|x86.ActiveCfg = Debug|Any CPU
		{DF4F1748-05D2-4A51-B21F-9217EC0EE0D4}.Debug|x86.Build.0 = Debug|Any CPU
		{DF4F1748-05D2-4A51-B21F-9217EC0EE0D4}.Release|Any CPU.ActiveCfg = Release|Any CPU
		{DF4F1748-05D2-4A51-B21F-9217EC0EE0D4}.Release|Any CPU.Build.0 = Release|Any CPU
		{DF4F1748-05D2-4A51-B21F-9217EC0EE0D4}.Release|x64.ActiveCfg = Release|Any CPU
		{DF4F1748-05D2-4A51-B21F-9217EC0EE0D4}.Release|x64.Build.0 = Release|Any CPU
		{DF4F1748-05D2-4A51-B21F-9217EC0EE0D4}.Release|x86.ActiveCfg = Release|Any CPU
		{DF4F1748-05D2-4A51-B21F-9217EC0EE0D4}.Release|x86.Build.0 = Release|Any CPU
		{8C9263FB-81F1-4101-8652-999A197D19E7}.Debug|Any CPU.ActiveCfg = Debug|Any CPU
		{8C9263FB-81F1-4101-8652-999A197D19E7}.Debug|Any CPU.Build.0 = Debug|Any CPU
		{8C9263FB-81F1-4101-8652-999A197D19E7}.Debug|x64.ActiveCfg = Debug|Any CPU
		{8C9263FB-81F1-4101-8652-999A197D19E7}.Debug|x64.Build.0 = Debug|Any CPU
		{8C9263FB-81F1-4101-8652-999A197D19E7}.Debug|x86.ActiveCfg = Debug|Any CPU
		{8C9263FB-81F1-4101-8652-999A197D19E7}.Debug|x86.Build.0 = Debug|Any CPU
		{8C9263FB-81F1-4101-8652-999A197D19E7}.Release|Any CPU.ActiveCfg = Release|Any CPU
		{8C9263FB-81F1-4101-8652-999A197D19E7}.Release|Any CPU.Build.0 = Release|Any CPU
		{8C9263FB-81F1-4101-8652-999A197D19E7}.Release|x64.ActiveCfg = Release|Any CPU
		{8C9263FB-81F1-4101-8652-999A197D19E7}.Release|x64.Build.0 = Release|Any CPU
		{8C9263FB-81F1-4101-8652-999A197D19E7}.Release|x86.ActiveCfg = Release|Any CPU
		{8C9263FB-81F1-4101-8652-999A197D19E7}.Release|x86.Build.0 = Release|Any CPU
		{B7F2F780-88D5-4F23-AC3D-1908658114C5}.Debug|Any CPU.ActiveCfg = Debug|Any CPU
		{B7F2F780-88D5-4F23-AC3D-1908658114C5}.Debug|Any CPU.Build.0 = Debug|Any CPU
		{B7F2F780-88D5-4F23-AC3D-1908658114C5}.Debug|x64.ActiveCfg = Debug|Any CPU
		{B7F2F780-88D5-4F23-AC3D-1908658114C5}.Debug|x64.Build.0 = Debug|Any CPU
		{B7F2F780-88D5-4F23-AC3D-1908658114C5}.Debug|x86.ActiveCfg = Debug|Any CPU
		{B7F2F780-88D5-4F23-AC3D-1908658114C5}.Debug|x86.Build.0 = Debug|Any CPU
		{B7F2F780-88D5-4F23-AC3D-1908658114C5}.Release|Any CPU.ActiveCfg = Release|Any CPU
		{B7F2F780-88D5-4F23-AC3D-1908658114C5}.Release|Any CPU.Build.0 = Release|Any CPU
		{B7F2F780-88D5-4F23-AC3D-1908658114C5}.Release|x64.ActiveCfg = Release|Any CPU
		{B7F2F780-88D5-4F23-AC3D-1908658114C5}.Release|x64.Build.0 = Release|Any CPU
		{B7F2F780-88D5-4F23-AC3D-1908658114C5}.Release|x86.ActiveCfg = Release|Any CPU
		{B7F2F780-88D5-4F23-AC3D-1908658114C5}.Release|x86.Build.0 = Release|Any CPU
		{84DDEFED-9F89-4840-8643-8AF71F5F4393}.Debug|Any CPU.ActiveCfg = Debug|Any CPU
		{84DDEFED-9F89-4840-8643-8AF71F5F4393}.Debug|Any CPU.Build.0 = Debug|Any CPU
		{84DDEFED-9F89-4840-8643-8AF71F5F4393}.Debug|x64.ActiveCfg = Debug|Any CPU
		{84DDEFED-9F89-4840-8643-8AF71F5F4393}.Debug|x64.Build.0 = Debug|Any CPU
		{84DDEFED-9F89-4840-8643-8AF71F5F4393}.Debug|x86.ActiveCfg = Debug|Any CPU
		{84DDEFED-9F89-4840-8643-8AF71F5F4393}.Debug|x86.Build.0 = Debug|Any CPU
		{84DDEFED-9F89-4840-8643-8AF71F5F4393}.Release|Any CPU.ActiveCfg = Release|Any CPU
		{84DDEFED-9F89-4840-8643-8AF71F5F4393}.Release|Any CPU.Build.0 = Release|Any CPU
		{84DDEFED-9F89-4840-8643-8AF71F5F4393}.Release|x64.ActiveCfg = Release|Any CPU
		{84DDEFED-9F89-4840-8643-8AF71F5F4393}.Release|x64.Build.0 = Release|Any CPU
		{84DDEFED-9F89-4840-8643-8AF71F5F4393}.Release|x86.ActiveCfg = Release|Any CPU
		{84DDEFED-9F89-4840-8643-8AF71F5F4393}.Release|x86.Build.0 = Release|Any CPU
		{9A420699-10D6-4E45-86A1-187164C16E63}.Debug|Any CPU.ActiveCfg = Debug|Any CPU
		{9A420699-10D6-4E45-86A1-187164C16E63}.Debug|Any CPU.Build.0 = Debug|Any CPU
		{9A420699-10D6-4E45-86A1-187164C16E63}.Debug|x64.ActiveCfg = Debug|Any CPU
		{9A420699-10D6-4E45-86A1-187164C16E63}.Debug|x64.Build.0 = Debug|Any CPU
		{9A420699-10D6-4E45-86A1-187164C16E63}.Debug|x86.ActiveCfg = Debug|Any CPU
		{9A420699-10D6-4E45-86A1-187164C16E63}.Debug|x86.Build.0 = Debug|Any CPU
		{9A420699-10D6-4E45-86A1-187164C16E63}.Release|Any CPU.ActiveCfg = Release|Any CPU
		{9A420699-10D6-4E45-86A1-187164C16E63}.Release|Any CPU.Build.0 = Release|Any CPU
		{9A420699-10D6-4E45-86A1-187164C16E63}.Release|x64.ActiveCfg = Release|Any CPU
		{9A420699-10D6-4E45-86A1-187164C16E63}.Release|x64.Build.0 = Release|Any CPU
		{9A420699-10D6-4E45-86A1-187164C16E63}.Release|x86.ActiveCfg = Release|Any CPU
		{9A420699-10D6-4E45-86A1-187164C16E63}.Release|x86.Build.0 = Release|Any CPU
		{4EF4D297-24F7-44F9-B7CC-11B027602AB6}.Debug|Any CPU.ActiveCfg = Debug|Any CPU
		{4EF4D297-24F7-44F9-B7CC-11B027602AB6}.Debug|Any CPU.Build.0 = Debug|Any CPU
		{4EF4D297-24F7-44F9-B7CC-11B027602AB6}.Debug|x64.ActiveCfg = Debug|Any CPU
		{4EF4D297-24F7-44F9-B7CC-11B027602AB6}.Debug|x64.Build.0 = Debug|Any CPU
		{4EF4D297-24F7-44F9-B7CC-11B027602AB6}.Debug|x86.ActiveCfg = Debug|Any CPU
		{4EF4D297-24F7-44F9-B7CC-11B027602AB6}.Debug|x86.Build.0 = Debug|Any CPU
		{4EF4D297-24F7-44F9-B7CC-11B027602AB6}.Release|Any CPU.ActiveCfg = Release|Any CPU
		{4EF4D297-24F7-44F9-B7CC-11B027602AB6}.Release|Any CPU.Build.0 = Release|Any CPU
		{4EF4D297-24F7-44F9-B7CC-11B027602AB6}.Release|x64.ActiveCfg = Release|Any CPU
		{4EF4D297-24F7-44F9-B7CC-11B027602AB6}.Release|x64.Build.0 = Release|Any CPU
		{4EF4D297-24F7-44F9-B7CC-11B027602AB6}.Release|x86.ActiveCfg = Release|Any CPU
		{4EF4D297-24F7-44F9-B7CC-11B027602AB6}.Release|x86.Build.0 = Release|Any CPU
		{2E78807B-2C89-4213-9B6C-F783ECAE8534}.Debug|Any CPU.ActiveCfg = Debug|Any CPU
		{2E78807B-2C89-4213-9B6C-F783ECAE8534}.Debug|Any CPU.Build.0 = Debug|Any CPU
		{2E78807B-2C89-4213-9B6C-F783ECAE8534}.Debug|x64.ActiveCfg = Debug|Any CPU
		{2E78807B-2C89-4213-9B6C-F783ECAE8534}.Debug|x64.Build.0 = Debug|Any CPU
		{2E78807B-2C89-4213-9B6C-F783ECAE8534}.Debug|x86.ActiveCfg = Debug|Any CPU
		{2E78807B-2C89-4213-9B6C-F783ECAE8534}.Debug|x86.Build.0 = Debug|Any CPU
		{2E78807B-2C89-4213-9B6C-F783ECAE8534}.Release|Any CPU.ActiveCfg = Release|Any CPU
		{2E78807B-2C89-4213-9B6C-F783ECAE8534}.Release|Any CPU.Build.0 = Release|Any CPU
		{2E78807B-2C89-4213-9B6C-F783ECAE8534}.Release|x64.ActiveCfg = Release|Any CPU
		{2E78807B-2C89-4213-9B6C-F783ECAE8534}.Release|x64.Build.0 = Release|Any CPU
		{2E78807B-2C89-4213-9B6C-F783ECAE8534}.Release|x86.ActiveCfg = Release|Any CPU
		{2E78807B-2C89-4213-9B6C-F783ECAE8534}.Release|x86.Build.0 = Release|Any CPU
		{8FC0EF3A-6818-4207-B8BC-6F5E9224F2B7}.Debug|Any CPU.ActiveCfg = Debug|Any CPU
		{8FC0EF3A-6818-4207-B8BC-6F5E9224F2B7}.Debug|Any CPU.Build.0 = Debug|Any CPU
		{8FC0EF3A-6818-4207-B8BC-6F5E9224F2B7}.Debug|x64.ActiveCfg = Debug|Any CPU
		{8FC0EF3A-6818-4207-B8BC-6F5E9224F2B7}.Debug|x64.Build.0 = Debug|Any CPU
		{8FC0EF3A-6818-4207-B8BC-6F5E9224F2B7}.Debug|x86.ActiveCfg = Debug|Any CPU
		{8FC0EF3A-6818-4207-B8BC-6F5E9224F2B7}.Debug|x86.Build.0 = Debug|Any CPU
		{8FC0EF3A-6818-4207-B8BC-6F5E9224F2B7}.Release|Any CPU.ActiveCfg = Release|Any CPU
		{8FC0EF3A-6818-4207-B8BC-6F5E9224F2B7}.Release|Any CPU.Build.0 = Release|Any CPU
		{8FC0EF3A-6818-4207-B8BC-6F5E9224F2B7}.Release|x64.ActiveCfg = Release|Any CPU
		{8FC0EF3A-6818-4207-B8BC-6F5E9224F2B7}.Release|x64.Build.0 = Release|Any CPU
		{8FC0EF3A-6818-4207-B8BC-6F5E9224F2B7}.Release|x86.ActiveCfg = Release|Any CPU
		{8FC0EF3A-6818-4207-B8BC-6F5E9224F2B7}.Release|x86.Build.0 = Release|Any CPU
	EndGlobalSection
	GlobalSection(SolutionProperties) = preSolution
		HideSolutionNode = FALSE
	EndGlobalSection
	GlobalSection(NestedProjects) = preSolution
		{79C989EF-A7C1-48DA-B4C1-BA13FC141BE8} = {827E0CD3-B72D-47B6-A68D-7590B98EB39B}
		{476193FE-A558-4B5A-9835-A822EAE96107} = {827E0CD3-B72D-47B6-A68D-7590B98EB39B}
		{AA72B53B-FAC6-457F-BA93-A6D93E445049} = {0AB3BF05-4346-4AA6-1389-037BE0695223}
		{DF4F1748-05D2-4A51-B21F-9217EC0EE0D4} = {0AB3BF05-4346-4AA6-1389-037BE0695223}
		{8C9263FB-81F1-4101-8652-999A197D19E7} = {0AB3BF05-4346-4AA6-1389-037BE0695223}
		{B7F2F780-88D5-4F23-AC3D-1908658114C5} = {0AB3BF05-4346-4AA6-1389-037BE0695223}
		{84DDEFED-9F89-4840-8643-8AF71F5F4393} = {827E0CD3-B72D-47B6-A68D-7590B98EB39B}
		{9A420699-10D6-4E45-86A1-187164C16E63} = {827E0CD3-B72D-47B6-A68D-7590B98EB39B}
		{4EF4D297-24F7-44F9-B7CC-11B027602AB6} = {827E0CD3-B72D-47B6-A68D-7590B98EB39B}
		{2E78807B-2C89-4213-9B6C-F783ECAE8534} = {827E0CD3-B72D-47B6-A68D-7590B98EB39B}
		{8FC0EF3A-6818-4207-B8BC-6F5E9224F2B7} = {0AB3BF05-4346-4AA6-1389-037BE0695223}
	EndGlobalSection
EndGlobal
